{
  "name": "@liamhtml/pylon-cli",
  "version": "2.0.0",
  "lockfileVersion": 2,
  "requires": true,
  "packages": {
    "": {
      "name": "@liamhtml/pylon-cli",
      "version": "2.0.0",
      "license": "MIT",
      "dependencies": {
        "tpy": "^1.0.0-pre-release-3"
      },
      "bin": {
        "pylon": "main.ts"
      },
      "devDependencies": {
        "@types/node": "^17.0.10"
      }
    },
    "node_modules/@types/node": {
      "version": "17.0.15",
      "resolved": "https://registry.npmjs.org/@types/node/-/node-17.0.15.tgz",
      "integrity": "sha512-zWt4SDDv1S9WRBNxLFxFRHxdD9tvH8f5/kg5/IaLFdnSNXsDY4eL3Q3XXN+VxUnWIhyVFDwcsmAprvwXoM/ClA==",
      "dev": true
    },
    "node_modules/tpy": {
      "version": "1.0.0-pre-release-3",
      "resolved": "https://registry.npmjs.org/tpy/-/tpy-1.0.0-pre-release-3.tgz",
      "integrity": "sha512-oP2HIDdb08cklf3uNVh9wNFSn+UyNu/T6q9t06W4LuZ5ntEVzj210WUQV29L547W/DyDr4SvCqQaHEN/JBu84A=="
    }
  },
  "dependencies": {
    "@types/node": {
      "version": "17.0.15",
      "resolved": "https://registry.npmjs.org/@types/node/-/node-17.0.15.tgz",
      "integrity": "sha512-zWt4SDDv1S9WRBNxLFxFRHxdD9tvH8f5/kg5/IaLFdnSNXsDY4eL3Q3XXN+VxUnWIhyVFDwcsmAprvwXoM/ClA==",
      "dev": true
    },
    "tpy": {
      "version": "1.0.0-pre-release-3",
      "resolved": "https://registry.npmjs.org/tpy/-/tpy-1.0.0-pre-release-3.tgz",
      "integrity": "sha512-oP2HIDdb08cklf3uNVh9wNFSn+UyNu/T6q9t06W4LuZ5ntEVzj210WUQV29L547W/DyDr4SvCqQaHEN/JBu84A=="
    }
  }
}
